
Microsoft Visual Studio Solution File, Format Version 12.00
# Visual Studio Version 16
VisualStudioVersion = 16.0.33927.289
MinimumVisualStudioVersion = 10.0.40219.1
Project("{9A19103F-16F7-4668-BE54-9A1E7A4F7556}") = "DBFirst", "DBFirst.csproj", "{9C33586F-11C9-42BC-9C6F-73F8AE48E764}"
EndProject
Global
	GlobalSection(SolutionConfigurationPlatforms) = preSolution
		Debug|Any CPU = Debug|Any CPU
		Release|Any CPU = Release|Any CPU
	EndGlobalSection
	GlobalSection(ProjectConfigurationPlatforms) = postSolution
		{9C33586F-11C9-42BC-9C6F-73F8AE48E764}.Debug|Any CPU.ActiveCfg = Debug|Any CPU
		{9C33586F-11C9-42BC-9C6F-73F8AE48E764}.Debug|Any CPU.Build.0 = Debug|Any CPU
		{9C33586F-11C9-42BC-9C6F-73F8AE48E764}.Release|Any CPU.ActiveCfg = Release|Any CPU
		{9C33586F-11C9-42BC-9C6F-73F8AE48E764}.Release|Any CPU.Build.0 = Release|Any CPU
	EndGlobalSection
	GlobalSection(SolutionProperties) = preSolution
		HideSolutionNode = FALSE
	EndGlobalSection
	GlobalSection(ExtensibilityGlobals) = postSolution
		SolutionGuid = {EBE86615-B9B3-41AC-BF01-46CB91A78FF2}
	EndGlobalSection
EndGlobal
