
Microsoft Visual Studio Solution File, Format Version 12.00
# Visual Studio Version 16
VisualStudioVersion = 16.0.32602.291
MinimumVisualStudioVersion = 10.0.40219.1
Project("{9A19103F-16F7-4668-BE54-9A1E7A4F7556}") = "ButtonRadioGroup", "ButtonRadioGroup.csproj", "{FB3C7798-3AC5-4844-ACB3-E05A96D4D7CD}"
EndProject
Global
	GlobalSection(SolutionConfigurationPlatforms) = preSolution
		Debug|Any CPU = Debug|Any CPU
		Release|Any CPU = Release|Any CPU
	EndGlobalSection
	GlobalSection(ProjectConfigurationPlatforms) = postSolution
		{FB3C7798-3AC5-4844-ACB3-E05A96D4D7CD}.Debug|Any CPU.ActiveCfg = Debug|Any CPU
		{FB3C7798-3AC5-4844-ACB3-E05A96D4D7CD}.Debug|Any CPU.Build.0 = Debug|Any CPU
		{FB3C7798-3AC5-4844-ACB3-E05A96D4D7CD}.Release|Any CPU.ActiveCfg = Release|Any CPU
		{FB3C7798-3AC5-4844-ACB3-E05A96D4D7CD}.Release|Any CPU.Build.0 = Release|Any CPU
	EndGlobalSection
	GlobalSection(SolutionProperties) = preSolution
		HideSolutionNode = FALSE
	EndGlobalSection
	GlobalSection(ExtensibilityGlobals) = postSolution
		SolutionGuid = {46FC254A-00B9-4C15-9AE9-BD49A180F34F}
	EndGlobalSection
EndGlobal
