
Microsoft Visual Studio Solution File, Format Version 12.00
# Visual Studio Version 16
VisualStudioVersion = 16.0.31515.178
MinimumVisualStudioVersion = 10.0.40219.1
Project("{FAE04EC0-301F-11D3-BF4B-00C04F79EFBC}") = "ConverterDemo", "ConverterDemo.csproj", "{136144C8-1CEF-4EB5-93FE-0F48EF2BAADA}"
EndProject
Global
	GlobalSection(SolutionConfigurationPlatforms) = preSolution
		Debug|Any CPU = Debug|Any CPU
		Release|Any CPU = Release|Any CPU
	EndGlobalSection
	GlobalSection(ProjectConfigurationPlatforms) = postSolution
		{136144C8-1CEF-4EB5-93FE-0F48EF2BAADA}.Debug|Any CPU.ActiveCfg = Debug|Any CPU
		{136144C8-1CEF-4EB5-93FE-0F48EF2BAADA}.Debug|Any CPU.Build.0 = Debug|Any CPU
		{136144C8-1CEF-4EB5-93FE-0F48EF2BAADA}.Release|Any CPU.ActiveCfg = Release|Any CPU
		{136144C8-1CEF-4EB5-93FE-0F48EF2BAADA}.Release|Any CPU.Build.0 = Release|Any CPU
	EndGlobalSection
	GlobalSection(SolutionProperties) = preSolution
		HideSolutionNode = FALSE
	EndGlobalSection
	GlobalSection(ExtensibilityGlobals) = postSolution
		SolutionGuid = {3FF97C20-A3FE-42A2-A26C-AC25724AE53A}
	EndGlobalSection
EndGlobal
