
Microsoft Visual Studio Solution File, Format Version 12.00
# Visual Studio Version 16
VisualStudioVersion = 16.0.32602.291
MinimumVisualStudioVersion = 10.0.40219.1
Project("{9A19103F-16F7-4668-BE54-9A1E7A4F7556}") = "OutputFromUserControl", "OutputFromUserControl.csproj", "{3477F95E-5069-4A16-8A2B-A18E18971B18}"
EndProject
Global
	GlobalSection(SolutionConfigurationPlatforms) = preSolution
		Debug|Any CPU = Debug|Any CPU
		Release|Any CPU = Release|Any CPU
	EndGlobalSection
	GlobalSection(ProjectConfigurationPlatforms) = postSolution
		{3477F95E-5069-4A16-8A2B-A18E18971B18}.Debug|Any CPU.ActiveCfg = Debug|Any CPU
		{3477F95E-5069-4A16-8A2B-A18E18971B18}.Debug|Any CPU.Build.0 = Debug|Any CPU
		{3477F95E-5069-4A16-8A2B-A18E18971B18}.Release|Any CPU.ActiveCfg = Release|Any CPU
		{3477F95E-5069-4A16-8A2B-A18E18971B18}.Release|Any CPU.Build.0 = Release|Any CPU
	EndGlobalSection
	GlobalSection(SolutionProperties) = preSolution
		HideSolutionNode = FALSE
	EndGlobalSection
	GlobalSection(ExtensibilityGlobals) = postSolution
		SolutionGuid = {FB242FAC-BB02-4818-A854-569049398FFE}
	EndGlobalSection
EndGlobal
