
Microsoft Visual Studio Solution File, Format Version 12.00
# Visual Studio Version 16
VisualStudioVersion = 16.0.32802.440
MinimumVisualStudioVersion = 10.0.40219.1
Project("{FAE04EC0-301F-11D3-BF4B-00C04F79EFBC}") = "Themes", "Themes.csproj", "{BC1C837F-39DC-4154-9BF7-3D2387A5611B}"
EndProject
Global
	GlobalSection(SolutionConfigurationPlatforms) = preSolution
		Debug|Any CPU = Debug|Any CPU
		Release|Any CPU = Release|Any CPU
	EndGlobalSection
	GlobalSection(ProjectConfigurationPlatforms) = postSolution
		{BC1C837F-39DC-4154-9BF7-3D2387A5611B}.Debug|Any CPU.ActiveCfg = Debug|Any CPU
		{BC1C837F-39DC-4154-9BF7-3D2387A5611B}.Debug|Any CPU.Build.0 = Debug|Any CPU
		{BC1C837F-39DC-4154-9BF7-3D2387A5611B}.Release|Any CPU.ActiveCfg = Release|Any CPU
		{BC1C837F-39DC-4154-9BF7-3D2387A5611B}.Release|Any CPU.Build.0 = Release|Any CPU
	EndGlobalSection
	GlobalSection(SolutionProperties) = preSolution
		HideSolutionNode = FALSE
	EndGlobalSection
	GlobalSection(ExtensibilityGlobals) = postSolution
		SolutionGuid = {CDFDB5F0-7F44-4C67-9067-98059D2810A7}
	EndGlobalSection
EndGlobal
