
Microsoft Visual Studio Solution File, Format Version 12.00
# Visual Studio Version 16
VisualStudioVersion = 16.0.32802.440
MinimumVisualStudioVersion = 10.0.40219.1
Project("{FAE04EC0-301F-11D3-BF4B-00C04F79EFBC}") = "WebApiStringArray", "WebApiStringArray.csproj", "{1C3CF27C-47F2-4FFA-8A0A-E5D817175333}"
EndProject
Global
	GlobalSection(SolutionConfigurationPlatforms) = preSolution
		Debug|Any CPU = Debug|Any CPU
		Release|Any CPU = Release|Any CPU
	EndGlobalSection
	GlobalSection(ProjectConfigurationPlatforms) = postSolution
		{1C3CF27C-47F2-4FFA-8A0A-E5D817175333}.Debug|Any CPU.ActiveCfg = Debug|Any CPU
		{1C3CF27C-47F2-4FFA-8A0A-E5D817175333}.Debug|Any CPU.Build.0 = Debug|Any CPU
		{1C3CF27C-47F2-4FFA-8A0A-E5D817175333}.Release|Any CPU.ActiveCfg = Release|Any CPU
		{1C3CF27C-47F2-4FFA-8A0A-E5D817175333}.Release|Any CPU.Build.0 = Release|Any CPU
	EndGlobalSection
	GlobalSection(SolutionProperties) = preSolution
		HideSolutionNode = FALSE
	EndGlobalSection
	GlobalSection(ExtensibilityGlobals) = postSolution
		SolutionGuid = {09D19155-63C9-4D8F-B5BF-9F0C2AEEBC6B}
	EndGlobalSection
EndGlobal
